{
  "version": 1,
  "dependencies": {
    "net10.0-windows7.0": {
      "2ndLAB.ANGLE.Static": {
        "type": "Direct",
        "requested": "[7151.0.0-10.0.26100.0-1.79e529b, )",
        "resolved": "7151.0.0-10.0.26100.0-1.79e529b",
        "contentHash": "cPdqpUTDLk6HugiXi8NHvtjkNqO5yOa530xcZMmVNnEHqLWnfxZvsGyD3Z0FQBqtl6lJ5tD6foLBpU2wIzwreg=="
      },
      "2ndLAB.SkiaSharp.Static": {
        "type": "Direct",
        "requested": "[3.119.0-10.0.26100.0-1.1c7d845, )",
        "resolved": "3.119.0-10.0.26100.0-1.1c7d845",
        "contentHash": "Pjl5X7qWQf3AHOCWVJkEzqd6T2yXYJF2f0rMOyPGhgiP+dWx3WNzQ/TCbUhbB+w+GidkvVZ6PUOMnlZYODp7lw=="
      },
      "Avalonia": {
        "type": "Direct",
        "requested": "[12.1.999-cibuild0065577-alpha, )",
        "resolved": "12.1.999-cibuild0065577-alpha",
        "contentHash": "mi7wnnJq5aIhDm+QcKzWFa9QuWB3Tdrh2HEaFRsDXyUVt3V187WtU8/kUq1OJ6Sh4WxnbSBeUFLpZNkVtgpTPg==",
        "dependencies": {
          "Avalonia.BuildServices": "11.3.2",
          "Avalonia.Remote.Protocol": "12.1.999-cibuild0065577-alpha",
          "MicroCom.Runtime": "0.11.6"
        }
      },
      "Avalonia.Desktop": {
        "type": "Direct",
        "requested": "[12.1.999-cibuild0065577-alpha, )",
        "resolved": "12.1.999-cibuild0065577-alpha",
        "contentHash": "K1ShEpIwFFUj8NEiL5vUBo97rH8xYvhV68RGIcXy05yq05rJnxLaIzDA52WWFr3Ji8D1BWl0Jmg+83SBBXNiQA==",
        "dependencies": {
          "Avalonia": "12.1.999-cibuild0065577-alpha",
          "Avalonia.HarfBuzz": "12.1.999-cibuild0065577-alpha",
          "Avalonia.Native": "12.1.999-cibuild0065577-alpha",
          "Avalonia.Skia": "12.1.999-cibuild0065577-alpha",
          "Avalonia.Win32": "12.1.999-cibuild0065577-alpha",
          "Avalonia.X11": "12.1.999-cibuild0065577-alpha"
        }
      },
      "Avalonia.Themes.Fluent": {
        "type": "Direct",
        "requested": "[12.1.999-cibuild0065577-alpha, )",
        "resolved": "12.1.999-cibuild0065577-alpha",
        "contentHash": "+LS0XU42upygJUxZcwtrynJn1ZjP7P22wMZJTGYGVNrHB99bnljQ7/t1rd2M+gwP0AD+8EKQxsgOJme/CyLXcg==",
        "dependencies": {
          "Avalonia": "12.1.999-cibuild0065577-alpha"
        }
      },
      "AvaloniaUI.DiagnosticsSupport": {
        "type": "Direct",
        "requested": "[2.2.1, )",
        "resolved": "2.2.1",
        "contentHash": "PXviRj+8t6IT7JdnVhs1EET+VgGB/K1Ju3yL/Q9sXR2YD9NzkIYybyfJG3DPXcTYXpEJZJvxGiCTjH1N8AkLhQ==",
        "dependencies": {
          "Microsoft.Extensions.Logging.Abstractions": "8.0.0",
          "Microsoft.IO.RecyclableMemoryStream": "3.0.1"
        }
      },
      "CommunityToolkit.Mvvm": {
        "type": "Direct",
        "requested": "[8.4.2, )",
        "resolved": "8.4.2",
        "contentHash": "WadCzGEc2U+3e20avRLng4qNtt4zoOGWrdUISqJWrHe3/FSnrYjuM5Sb4yQb09LhkBXrrI4Zt3dLKgRMbItsrg=="
      },
      "PolySharp": {
        "type": "Direct",
        "requested": "[1.15.0, )",
        "resolved": "1.15.0",
        "contentHash": "FbU0El+EEjdpuIX4iDbeS7ki1uzpJPx8vbqOzEtqnl1GZeAGJfq+jCbxeJL2y0EPnUNk8dRnnqR2xnYXg9Tf+g=="
      },
      "VC-LTL": {
        "type": "Direct",
        "requested": "[5.3.1, )",
        "resolved": "5.3.1",
        "contentHash": "kFNVuuOmDto7R1aPvWTboEhyWBeIzA8CJAgpGRb/msDl8CIb7vjUxmff3PQrzOk5wpuftNZz0PwrX7dWK2jIrQ=="
      },
      "Avalonia.Angle.Windows.Natives": {
        "type": "Transitive",
        "resolved": "2.1.27548.20260419",
        "contentHash": "l17nI3XVDN3oMnpjf2pnmJg0YTwK4m6NLsn/itAjDMdObTFxN77D5F1M9sRMSfViSY3KKcse1ROczwgoWLJsnA=="
      },
      "Avalonia.BuildServices": {
        "type": "Transitive",
        "resolved": "11.3.2",
        "contentHash": "qHDToxto1e3hci5YqbG9n0Ty8mlp3zBUN5wT66wKqaDVzXyQ0do3EnRILd4Ke9jpvsktaPpgE0YjEk7hornryQ=="
      },
      "Avalonia.FreeDesktop": {
        "type": "Transitive",
        "resolved": "12.1.999-cibuild0065577-alpha",
        "contentHash": "eUG2C7wwW2yiFkRKpBJx0kJ6DIO0dwnHaHixcKxLa1KCKbNdy9SP1WSdkiJAyZ9XIxxnRuysENunY42Azi6c0w==",
        "dependencies": {
          "Avalonia": "12.1.999-cibuild0065577-alpha",
          "Tmds.DBus.Protocol": "0.92.0"
        }
      },
      "Avalonia.FreeDesktop.AtSpi": {
        "type": "Transitive",
        "resolved": "12.1.999-cibuild0065577-alpha",
        "contentHash": "vcTDpFedpXTASYkJdxvfJbw5KnT94Sx7hW1BHu+MH5yZQ1i5MhfLk3hSrmac/GhyGHPXuQ8C7uWlFguwlsv2eg==",
        "dependencies": {
          "Avalonia": "12.1.999-cibuild0065577-alpha"
        }
      },
      "Avalonia.HarfBuzz": {
        "type": "Transitive",
        "resolved": "12.1.999-cibuild0065577-alpha",
        "contentHash": "T7bdrh1+DoCxFC3gOfTw+WdiJEIpEUSpAg355/grxCKniEBL2LNYoKGtU2qabbqAr9CsB6+IZiGbrmsn54u6rw==",
        "dependencies": {
          "Avalonia": "12.1.999-cibuild0065577-alpha",
          "HarfBuzzSharp": "8.3.1.3",
          "HarfBuzzSharp.NativeAssets.Linux": "8.3.1.3",
          "HarfBuzzSharp.NativeAssets.WebAssembly": "8.3.1.3"
        }
      },
      "Avalonia.Native": {
        "type": "Transitive",
        "resolved": "12.1.999-cibuild0065577-alpha",
        "contentHash": "+ji8QVVMhPQ4AoQ/Q2EQVshwPaVYyHYgemPsZZRUYUq6JwnymplyrveXTPD6e7n9O7ZMveSXk/z6z3qgBm0ndA==",
        "dependencies": {
          "Avalonia": "12.1.999-cibuild0065577-alpha"
        }
      },
      "Avalonia.Remote.Protocol": {
        "type": "Transitive",
        "resolved": "12.1.999-cibuild0065577-alpha",
        "contentHash": "Su+DDgnfOcuc7t5ujWaULOog4qLwUpDmC1BSAAAEOYz8P+V0Pz+B6Jo2oWK5u38wDMgnc46CaI6lmOENDyUwsA=="
      },
      "Avalonia.Skia": {
        "type": "Transitive",
        "resolved": "12.1.999-cibuild0065577-alpha",
        "contentHash": "jrOLl8EW/asNkW3nWekuIbfBZ4OgFmq50xmdaipa//U7Kz8hVteuxHwCCmLAOawbWp7pWA+leNIU1H+BDXoBBQ==",
        "dependencies": {
          "Avalonia": "12.1.999-cibuild0065577-alpha",
          "HarfBuzzSharp": "8.3.1.3",
          "HarfBuzzSharp.NativeAssets.Linux": "8.3.1.3",
          "HarfBuzzSharp.NativeAssets.WebAssembly": "8.3.1.3",
          "SkiaSharp": "3.119.4-preview.1.1",
          "SkiaSharp.NativeAssets.Linux": "3.119.4-preview.1.1",
          "SkiaSharp.NativeAssets.WebAssembly": "3.119.4-preview.1.1"
        }
      },
      "Avalonia.Win32": {
        "type": "Transitive",
        "resolved": "12.1.999-cibuild0065577-alpha",
        "contentHash": "gCteEo0TKnOfv8nEc1DvjlTSXmhaHHv6lZKVoQQ1qENCzuZQ9/kNjkFUXBRXl8ijROg9Czw54vC8EH1QN5jLKQ==",
        "dependencies": {
          "Avalonia": "12.1.999-cibuild0065577-alpha",
          "Avalonia.Angle.Windows.Natives": "2.1.27548.20260419"
        }
      },
      "Avalonia.X11": {
        "type": "Transitive",
        "resolved": "12.1.999-cibuild0065577-alpha",
        "contentHash": "SCE5SM+OaImLXgiIuJ0VkOGGhv1LXp/3041X/1saWczpxR8507QWmxR5ullmcZqF4qUH9TmLNt3hLu4zC0izXw==",
        "dependencies": {
          "Avalonia": "12.1.999-cibuild0065577-alpha",
          "Avalonia.FreeDesktop": "12.1.999-cibuild0065577-alpha",
          "Avalonia.FreeDesktop.AtSpi": "12.1.999-cibuild0065577-alpha",
          "Avalonia.Skia": "12.1.999-cibuild0065577-alpha"
        }
      },
      "FSharp.Core": {
        "type": "Transitive",
        "resolved": "10.0.100",
        "contentHash": "c/r6T/HE9MWL0O0OispLtaKhVwDsiYQlLS249LoxSo1HNH/wfc0f5DE4pI6WpTXkCEdeXa66K5f9FmKLr/0cmw=="
      },
      "HarfBuzzSharp": {
        "type": "Transitive",
        "resolved": "8.3.1.3",
        "contentHash": "NGZ2+ZVNPM+NdHB/asW0/ykWngyHWwcqjrbN2nDeH1B/aptPGlCUl8wkQ2cSJxw5fdWgdmIPmNuTPWpLwNVXWg==",
        "dependencies": {
          "HarfBuzzSharp.NativeAssets.Win32": "8.3.1.3",
          "HarfBuzzSharp.NativeAssets.macOS": "8.3.1.3"
        }
      },
      "HarfBuzzSharp.NativeAssets.Linux": {
        "type": "Transitive",
        "resolved": "8.3.1.3",
        "contentHash": "RI6A1LgmooU30+4QIyFt5rmBCzP0VzTR+587IJSGvYIsHHWlahFufihYxtraLfsIhW7I8dn6+xX+DZGygOPKWQ=="
      },
      "HarfBuzzSharp.NativeAssets.macOS": {
        "type": "Transitive",
        "resolved": "8.3.1.3",
        "contentHash": "KPTq0xnslkI6nAo0jh3ptcQPJvZZr7MWYXa2jUe4SnHc9q+JlHElmNXp0sfFoiTgoCX7WOYpYsurypuH9Gehxw=="
      },
      "HarfBuzzSharp.NativeAssets.WebAssembly": {
        "type": "Transitive",
        "resolved": "8.3.1.3",
        "contentHash": "w2QfdNm9Uz/sUa0B5D+OnVQhyq3G/fBq6ibQMdWBlQqqwh0g0/5j3RFvYqZAmRZ5+RzvjVe8o8SFFnWYUSkuxA=="
      },
      "HarfBuzzSharp.NativeAssets.Win32": {
        "type": "Transitive",
        "resolved": "8.3.1.3",
        "contentHash": "bx8CE8Js+XGX8PUxAHCBDEORt5aaBYtMN4Hr9QFs57Xithh6yjUyYqksizH6eRDhJkwsGI+SXWmPmMm8lZC9Pw=="
      },
      "MicroCom.Runtime": {
        "type": "Transitive",
        "resolved": "0.11.6",
        "contentHash": "NdNWGDiZ6eS/Mf/9+QHR91cj1K7Hy+PX9yrHI/zM7xFYuj9IWT2uxtB6sCHjrnxAeLV9fut1R6zHDUGKX6f9lQ=="
      },
      "Microsoft.CodeAnalysis.Analyzers": {
        "type": "Transitive",
        "resolved": "5.3.0-2.25625.1",
        "contentHash": "4Yhh2fnu3G+J0J1lDc8WZVgMjgbynSeTfkl5IFJMFrmiIO0sc7Tjx+f3sFVV8Sd35PrIUWfof0RWc3lAMl7Azg=="
      },
      "Microsoft.CodeAnalysis.Common": {
        "type": "Transitive",
        "resolved": "5.3.0",
        "contentHash": "uC0qk3jzTQY7i90ehfnCqaOZpBUGJyPMiHJ3c0jOb8yaPBjWzIhVdNxPbeVzI74DB0C+YgBKPLqUkgFZzua5Mg==",
        "dependencies": {
          "Microsoft.CodeAnalysis.Analyzers": "5.3.0-2.25625.1"
        }
      },
      "Microsoft.CodeAnalysis.CSharp": {
        "type": "Transitive",
        "resolved": "5.3.0",
        "contentHash": "SQFNGQF4f7UfDXKxMzzGNMr3fjrPDIjLfmRvvVgDCw+dyvEHDaRfHuKA5q0Pr0/JW0Gcw89TxrxrS/MjwBvluQ==",
        "dependencies": {
          "Microsoft.CodeAnalysis.Analyzers": "5.3.0-2.25625.1",
          "Microsoft.CodeAnalysis.Common": "[5.3.0]"
        }
      },
      "Microsoft.Extensions.DependencyInjection.Abstractions": {
        "type": "Transitive",
        "resolved": "8.0.0",
        "contentHash": "cjWrLkJXK0rs4zofsK4bSdg+jhDLTaxrkXu4gS6Y7MAlCvRyNNgwY/lJi5RDlQOnSZweHqoyvgvbdvQsRIW+hg=="
      },
      "Microsoft.Extensions.Logging.Abstractions": {
        "type": "Transitive",
        "resolved": "8.0.0",
        "contentHash": "arDBqTgFCyS0EvRV7O3MZturChstm50OJ0y9bDJvAcmEPJm0FFpFyjU/JLYyStNGGey081DvnQYlncNX5SJJGA==",
        "dependencies": {
          "Microsoft.Extensions.DependencyInjection.Abstractions": "8.0.0"
        }
      },
      "Microsoft.IO.RecyclableMemoryStream": {
        "type": "Transitive",
        "resolved": "3.0.1",
        "contentHash": "s/s20YTVY9r9TPfTrN5g8zPF1YhwxyqO6PxUkrYTGI2B+OGPe9AdajWZrLhFqXIvqIW23fnUE4+ztrUWNU1+9g=="
      },
      "SkiaSharp": {
        "type": "Transitive",
        "resolved": "3.119.4-preview.1.1",
        "contentHash": "cyRjWksj/SwFWo7uPfpFk0sOPyUcE+FhF6ENFc3Q100sdJWHEA2nU1PcEeT7LsLFKBvDP/67q0A8vEXc4kvXnA==",
        "dependencies": {
          "SkiaSharp.NativeAssets.Win32": "3.119.4-preview.1.1",
          "SkiaSharp.NativeAssets.macOS": "3.119.4-preview.1.1"
        }
      },
      "SkiaSharp.NativeAssets.Linux": {
        "type": "Transitive",
        "resolved": "3.119.4-preview.1.1",
        "contentHash": "rZEnNkds7UWOWCCsi//v3VQ7MWbhqn83J1mCzl9069N1Zza7SXufVvsvpI4qJYUHaRx8ZhAaL0yi3zlKoXaUJw=="
      },
      "SkiaSharp.NativeAssets.macOS": {
        "type": "Transitive",
        "resolved": "3.119.4-preview.1.1",
        "contentHash": "77gyFnZD0uU12ABgI6pe8Iw2GRBYGryMP4EaHFs7fniffthVT5sf4PTug4ytwNzLKkVDiLobEpIvAJAj3UXwEw=="
      },
      "SkiaSharp.NativeAssets.WebAssembly": {
        "type": "Transitive",
        "resolved": "3.119.4-preview.1.1",
        "contentHash": "IyNI0QRJGl5sT0Dz2rGHBYVmenNoXcOCaC21avrLG5LwkX8ou0PluW2Hgz7NxHxiRL9D0kPmtoYWrr3uxd1NgA=="
      },
      "SkiaSharp.NativeAssets.Win32": {
        "type": "Transitive",
        "resolved": "3.119.4-preview.1.1",
        "contentHash": "BYwNLG02IAYMsBPgU9lM37xJgCM3B/2X5z1FQEBR34dmn+Hxvcw8X83PInY2rzix7mlbcv7OF8UHjf7yMbsDaA=="
      },
      "Tmds.DBus.Protocol": {
        "type": "Transitive",
        "resolved": "0.92.0",
        "contentHash": "h7IMakm0PF2jxiagoysoAjrzzLQ0UBdnSXQL5kb17YW0Fvyo12Tg96A99QkzwktWRrd7H+Uw9EzjasNLUfGYlA=="
      },
      "messengergenerator": {
        "type": "Project",
        "dependencies": {
          "Microsoft.CodeAnalysis.CSharp": "[5.3.0, )"
        }
      },
      "models": {
        "type": "Project",
        "dependencies": {
          "FSharp.Core": "[10.0.100, )"
        }
      }
    }
  }
}