{
  "version": 1,
  "dependencies": {
    "net8.0-windows7.0": {
      "Avalonia": {
        "type": "Direct",
        "requested": "[11.3.0, )",
        "resolved": "11.3.0",
        "contentHash": "/j8J0QcekWFBl+DE/4g8WeSGwUK11auhh5d1o5pfOgi5gMrG6V9QdTsPv0ZCDL73c7dJwwL1BZn1WrhE11I76g==",
        "dependencies": {
          "Avalonia.BuildServices": "0.0.31",
          "Avalonia.Remote.Protocol": "11.3.0",
          "MicroCom.Runtime": "0.11.0"
        }
      },
      "Avalonia.Desktop": {
        "type": "Direct",
        "requested": "[11.3.0, )",
        "resolved": "11.3.0",
        "contentHash": "X1nUSIDHPFt34U8Dn4Hk8/c/i+rN3pA0Nv4awfYHlYdenmLqE82gm8fpKmQE6/OfguUN1yMYi/uU9lAAAbd2hg==",
        "dependencies": {
          "Avalonia": "11.3.0",
          "Avalonia.Native": "11.3.0",
          "Avalonia.Skia": "11.3.0",
          "Avalonia.Win32": "11.3.0",
          "Avalonia.X11": "11.3.0"
        }
      },
      "Avalonia.Diagnostics": {
        "type": "Direct",
        "requested": "[11.3.0, )",
        "resolved": "11.3.0",
        "contentHash": "P152VhCexkrvTLRiRj7mSzUSMGKwTEsbz/XWTogV/33vGVWeCC8tStf/c8YsRrU5kSITtKeCV52UOh4m46hTfA==",
        "dependencies": {
          "Avalonia": "11.3.0",
          "Avalonia.Controls.ColorPicker": "11.3.0",
          "Avalonia.Themes.Simple": "11.3.0"
        }
      },
      "Avalonia.Themes.Fluent": {
        "type": "Direct",
        "requested": "[11.3.0, )",
        "resolved": "11.3.0",
        "contentHash": "tRcR0xKhpnHikIhtiE1vchuNHD/hvqLtto9yKmw73eZyhsyQMCncCu3GGfWTCCHOxJfawdMUCfUWo8COqmgLZw==",
        "dependencies": {
          "Avalonia": "11.3.0"
        }
      },
      "CommunityToolkit.Mvvm": {
        "type": "Direct",
        "requested": "[8.4.0, )",
        "resolved": "8.4.0",
        "contentHash": "tqVU8yc/ADO9oiTRyTnwhFN68hCwvkliMierptWOudIAvWY1mWCh5VFh+guwHJmpMwfg0J0rY+yyd5Oy7ty9Uw=="
      },
      "PolySharp": {
        "type": "Direct",
        "requested": "[1.15.0, )",
        "resolved": "1.15.0",
        "contentHash": "FbU0El+EEjdpuIX4iDbeS7ki1uzpJPx8vbqOzEtqnl1GZeAGJfq+jCbxeJL2y0EPnUNk8dRnnqR2xnYXg9Tf+g=="
      },
      "VC-LTL": {
        "type": "Direct",
        "requested": "[5.2.2-Beta1, )",
        "resolved": "5.2.2-Beta1",
        "contentHash": "fjOM7urQSISKQDMpcmrWKqxcrmnp4d6TvCSlZIXQaf2yrDZdhLDfDF0q6Y4RHRpy5bAOifURrQeCBcJEYMwGpQ==",
        "dependencies": {
          "YY-Thunks": "1.1.7-Beta4"
        }
      },
      "Avalonia.Angle.Windows.Natives": {
        "type": "Transitive",
        "resolved": "2.1.22045.20230930",
        "contentHash": "Bo3qOhKC1b84BIhiogndMdAzB3UrrESKK7hS769f5HWeoMw/pcd42US5KFYW2JJ4ZSTrXnP8mXwLTMzh+S+9Lg=="
      },
      "Avalonia.BuildServices": {
        "type": "Transitive",
        "resolved": "0.0.31",
        "contentHash": "KmCN6Hc+45q4OnF10ge450yVUvWuxU6bdQiyKqiSvrHKpahNrEdk0kG6Ip6GHk2SKOCttGQuA206JVdkldEENg=="
      },
      "Avalonia.Controls.ColorPicker": {
        "type": "Transitive",
        "resolved": "11.3.0",
        "contentHash": "MqwZPVdBiDc0h6DHVG5Igb+bd+3o7IOM9nbHgNPlJn38xG0jQb+YqqRcvnt/KnD5FBEaXZcGmiW3rqU9ydXvlg==",
        "dependencies": {
          "Avalonia": "11.3.0",
          "Avalonia.Remote.Protocol": "11.3.0"
        }
      },
      "Avalonia.FreeDesktop": {
        "type": "Transitive",
        "resolved": "11.3.0",
        "contentHash": "NUoXEEmZ4gbXn5c2Smv2QfDT23Ps2x2O1Dls5/op1AjmxZFXRkx/zz1xQVnJu6cHEA2Jx4i+SG7AvCPVs8bBBA==",
        "dependencies": {
          "Avalonia": "11.3.0",
          "Tmds.DBus.Protocol": "0.21.2"
        }
      },
      "Avalonia.Native": {
        "type": "Transitive",
        "resolved": "11.3.0",
        "contentHash": "1KFRYgxY9IVxceXB+/jRH0zCrhcKDOs/mTxLexZGd5MT8oKs0NTnAHP8R09bCQOw9aGcYLpzXVzKzhpGulxxWQ==",
        "dependencies": {
          "Avalonia": "11.3.0"
        }
      },
      "Avalonia.Remote.Protocol": {
        "type": "Transitive",
        "resolved": "11.3.0",
        "contentHash": "noH0+YgFsXshhDnEcBATw5EULNiTYv4gznE2OnSPDvU5K9/COVs6W3ZWlYY1lwY+w4x1IGueMux7dcw0TbjEzA=="
      },
      "Avalonia.Skia": {
        "type": "Transitive",
        "resolved": "11.3.0",
        "contentHash": "6R3+Qp3u0W70MFAxBD4bjRVwQtXs7TstsD2eqLR1HOJI07sha2dh2GoogOI5hKLBn32fD6gek7iSJL6kqH5OiA==",
        "dependencies": {
          "Avalonia": "11.3.0",
          "HarfBuzzSharp": "7.3.0.3",
          "HarfBuzzSharp.NativeAssets.Linux": "7.3.0.3",
          "HarfBuzzSharp.NativeAssets.WebAssembly": "7.3.0.3",
          "SkiaSharp": "2.88.9",
          "SkiaSharp.NativeAssets.Linux": "2.88.9",
          "SkiaSharp.NativeAssets.WebAssembly": "2.88.9"
        }
      },
      "Avalonia.Themes.Simple": {
        "type": "Transitive",
        "resolved": "11.3.0",
        "contentHash": "pGurEpish9NS89iiBLbvIlN+DJ5hGaW1ABxcIl6XL9M/WcvUPtLznxoI0dbW2zw8OLDSsvowbsvQLdyknEvmhA==",
        "dependencies": {
          "Avalonia": "11.3.0"
        }
      },
      "Avalonia.Win32": {
        "type": "Transitive",
        "resolved": "11.3.0",
        "contentHash": "25gOjtAyWTEMCfOGioJEZ1iOH2jdOTnVpyK4y8ku1n4CKwnsml9XFbQum253y5rFlty29Vs0TiYzsC0CWuWAVg==",
        "dependencies": {
          "Avalonia": "11.3.0",
          "Avalonia.Angle.Windows.Natives": "2.1.22045.20230930"
        }
      },
      "Avalonia.X11": {
        "type": "Transitive",
        "resolved": "11.3.0",
        "contentHash": "BFkNmxW0pyqrg7q62tAEv7ZCfkR4k2bz39B3umU2VLRrYpsH/b2DocXeqgeYZYJbHikSPAXLkY34IHLZtdkU1w==",
        "dependencies": {
          "Avalonia": "11.3.0",
          "Avalonia.FreeDesktop": "11.3.0",
          "Avalonia.Skia": "11.3.0"
        }
      },
      "FSharp.Core": {
        "type": "Transitive",
        "resolved": "9.0.300",
        "contentHash": "TVt2J7RCE1KCS2IaONF+p8/KIZ1eHNbW+7qmKF6hGoD4tXl+o07ja1mPtFjMqRa5uHMFaTrGTPn/m945WnDLiQ=="
      },
      "HarfBuzzSharp": {
        "type": "Transitive",
        "resolved": "7.3.0.3",
        "contentHash": "Hq+5+gx10coOvuRgB13KBwiWxJq1QeYuhtVLbA01ZCWaugOnolUahF44KvrQTUUHDNk/C7HB6SMaebsZeOdhgg==",
        "dependencies": {
          "HarfBuzzSharp.NativeAssets.Win32": "7.3.0.3",
          "HarfBuzzSharp.NativeAssets.macOS": "7.3.0.3"
        }
      },
      "HarfBuzzSharp.NativeAssets.Linux": {
        "type": "Transitive",
        "resolved": "7.3.0.3",
        "contentHash": "hkcHeTfOyIeJuPtO/QfoqkDvV/MXebZYaA/Bn/S+nXsjH3Wt9oQ6okH2kklYO+1UUdBSJFd67bi9IrpQXI2mPw==",
        "dependencies": {
          "HarfBuzzSharp": "7.3.0.3"
        }
      },
      "HarfBuzzSharp.NativeAssets.macOS": {
        "type": "Transitive",
        "resolved": "7.3.0.3",
        "contentHash": "UAwIYnkbBTzBJv1Id8FijY/i8QiIepRemSXufU8fyzwWhYJdx4+ajG8yQUie5HW/uusbVLFSr26muSlJOFDgSw=="
      },
      "HarfBuzzSharp.NativeAssets.WebAssembly": {
        "type": "Transitive",
        "resolved": "7.3.0.3",
        "contentHash": "OpheDNp9a3nC6hWNACemWkNEXJ4tWP3Gw9bykw3FbyeEmU2nUDtLIp6VgNnjHAPRMgUs1Kl7m4gJpzVYwC7CZw=="
      },
      "HarfBuzzSharp.NativeAssets.Win32": {
        "type": "Transitive",
        "resolved": "7.3.0.3",
        "contentHash": "RPxRXD16KtSs8Yxr2RK9Qs7AwyN9MlpqZIYs0AvfaJwl7RAtVhC0+u2f2SKwX0uMYYd3O98Z+OBA1sj6aWVKQA=="
      },
      "MicroCom.Runtime": {
        "type": "Transitive",
        "resolved": "0.11.0",
        "contentHash": "MEnrZ3UIiH40hjzMDsxrTyi8dtqB5ziv3iBeeU4bXsL/7NLSal9F1lZKpK+tfBRnUoDSdtcW3KufE4yhATOMCA=="
      },
      "Microsoft.CodeAnalysis.Analyzers": {
        "type": "Transitive",
        "resolved": "3.11.0",
        "contentHash": "v/EW3UE8/lbEYHoC2Qq7AR/DnmvpgdtAMndfQNmpuIMx/Mto8L5JnuCfdBYtgvalQOtfNCnxFejxuRrryvUTsg=="
      },
      "Microsoft.CodeAnalysis.Common": {
        "type": "Transitive",
        "resolved": "4.14.0",
        "contentHash": "PC3tuwZYnC+idaPuoC/AZpEdwrtX7qFpmnrfQkgobGIWiYmGi5MCRtl5mx6QrfMGQpK78X2lfIEoZDLg/qnuHg==",
        "dependencies": {
          "Microsoft.CodeAnalysis.Analyzers": "3.11.0",
          "System.Collections.Immutable": "9.0.0",
          "System.Reflection.Metadata": "9.0.0"
        }
      },
      "Microsoft.CodeAnalysis.CSharp": {
        "type": "Transitive",
        "resolved": "4.14.0",
        "contentHash": "568a6wcTivauIhbeWcCwfWwIn7UV7MeHEBvFB2uzGIpM2OhJ4eM/FZ8KS0yhPoNxnSpjGzz7x7CIjTxhslojQA==",
        "dependencies": {
          "Microsoft.CodeAnalysis.Analyzers": "3.11.0",
          "Microsoft.CodeAnalysis.Common": "[4.14.0]",
          "System.Collections.Immutable": "9.0.0",
          "System.Reflection.Metadata": "9.0.0"
        }
      },
      "SkiaSharp": {
        "type": "Transitive",
        "resolved": "2.88.9",
        "contentHash": "3MD5VHjXXieSHCleRLuaTXmL2pD0mB7CcOB1x2kA1I4bhptf4e3R27iM93264ZYuAq6mkUyX5XbcxnZvMJYc1Q==",
        "dependencies": {
          "SkiaSharp.NativeAssets.Win32": "2.88.9",
          "SkiaSharp.NativeAssets.macOS": "2.88.9"
        }
      },
      "SkiaSharp.NativeAssets.Linux": {
        "type": "Transitive",
        "resolved": "2.88.9",
        "contentHash": "cWSaJKVPWAaT/WIn9c8T5uT/l4ETwHxNJTkEOtNKjphNo8AW6TF9O32aRkxqw3l8GUdUo66Bu7EiqtFh/XG0Zg==",
        "dependencies": {
          "SkiaSharp": "2.88.9"
        }
      },
      "SkiaSharp.NativeAssets.macOS": {
        "type": "Transitive",
        "resolved": "2.88.9",
        "contentHash": "Nv5spmKc4505Ep7oUoJ5vp3KweFpeNqxpyGDWyeEPTX2uR6S6syXIm3gj75dM0YJz7NPvcix48mR5laqs8dPuA=="
      },
      "SkiaSharp.NativeAssets.WebAssembly": {
        "type": "Transitive",
        "resolved": "2.88.9",
        "contentHash": "kt06RccBHSnAs2wDYdBSfsjIDbY3EpsOVqnlDgKdgvyuRA8ZFDaHRdWNx1VHjGgYzmnFCGiTJBnXFl5BqGwGnA=="
      },
      "SkiaSharp.NativeAssets.Win32": {
        "type": "Transitive",
        "resolved": "2.88.9",
        "contentHash": "wb2kYgU7iy84nQLYZwMeJXixvK++GoIuECjU4ECaUKNuflyRlJKyiRhN1MAHswvlvzuvkrjRWlK0Za6+kYQK7w=="
      },
      "System.Collections.Immutable": {
        "type": "Transitive",
        "resolved": "9.0.0",
        "contentHash": "QhkXUl2gNrQtvPmtBTQHb0YsUrDiDQ2QS09YbtTTiSjGcf7NBqtYbrG/BE06zcBPCKEwQGzIv13IVdXNOSub2w=="
      },
      "System.IO.Pipelines": {
        "type": "Transitive",
        "resolved": "8.0.0",
        "contentHash": "FHNOatmUq0sqJOkTx+UF/9YK1f180cnW5FVqnQMvYUN0elp6wFzbtPSiqbo1/ru8ICp43JM1i7kKkk6GsNGHlA=="
      },
      "System.Reflection.Metadata": {
        "type": "Transitive",
        "resolved": "9.0.0",
        "contentHash": "ANiqLu3DxW9kol/hMmTWbt3414t9ftdIuiIU7j80okq2YzAueo120M442xk1kDJWtmZTqWQn7wHDvMRipVOEOQ==",
        "dependencies": {
          "System.Collections.Immutable": "9.0.0"
        }
      },
      "Tmds.DBus.Protocol": {
        "type": "Transitive",
        "resolved": "0.21.2",
        "contentHash": "ScSMrUrrw8px4kK1Glh0fZv/HQUlg1078bNXNPfRPKQ3WbRzV9HpsydYEOgSoMK5LWICMf2bMwIFH0pGjxjcMA==",
        "dependencies": {
          "System.IO.Pipelines": "8.0.0"
        }
      },
      "YY-Thunks": {
        "type": "Transitive",
        "resolved": "1.1.7-Beta4",
        "contentHash": "aVJXb98jfV36kra2SGUwt/WnKK+fpdcikcOQrU3Tsggu+j/N3a0dHy7PO+b6cNp/FrO4skICgk5EH1TOIPJIkA=="
      },
      "messengergenerator": {
        "type": "Project",
        "dependencies": {
          "Microsoft.CodeAnalysis.CSharp": "[4.14.0, )"
        }
      },
      "models": {
        "type": "Project",
        "dependencies": {
          "FSharp.Core": "[9.0.300, )"
        }
      }
    }
  }
}