{
  "version": 1,
  "dependencies": {
    "net8.0-windows7.0": {
      "2ndLAB.ANGLE.Static": {
        "type": "Direct",
        "requested": "[7151.0.0-10.0.26100.0-1.79e529b, )",
        "resolved": "7151.0.0-10.0.26100.0-1.79e529b",
        "contentHash": "cPdqpUTDLk6HugiXi8NHvtjkNqO5yOa530xcZMmVNnEHqLWnfxZvsGyD3Z0FQBqtl6lJ5tD6foLBpU2wIzwreg=="
      },
      "2ndLAB.SkiaSharp.Static": {
        "type": "Direct",
        "requested": "[3.119.0-10.0.26100.0-1.1c7d845, )",
        "resolved": "3.119.0-10.0.26100.0-1.1c7d845",
        "contentHash": "Pjl5X7qWQf3AHOCWVJkEzqd6T2yXYJF2f0rMOyPGhgiP+dWx3WNzQ/TCbUhbB+w+GidkvVZ6PUOMnlZYODp7lw=="
      },
      "Avalonia": {
        "type": "Direct",
        "requested": "[12.0.999-cibuild0059760-alpha, )",
        "resolved": "12.0.999-cibuild0059760-alpha",
        "contentHash": "VdiN6j2cnhEVWt1T3xzaeoajNRTUYmb5P1MZXBqzs+f5MdlTk3CB9RtUqONnMFdN83jkhTck4z4GuCoybLAvCQ==",
        "dependencies": {
          "Avalonia.BuildServices": "11.3.1",
          "Avalonia.Remote.Protocol": "12.0.999-cibuild0059760-alpha",
          "MicroCom.Runtime": "0.11.0"
        }
      },
      "Avalonia.Desktop": {
        "type": "Direct",
        "requested": "[12.0.999-cibuild0059760-alpha, )",
        "resolved": "12.0.999-cibuild0059760-alpha",
        "contentHash": "ebUOUg2GVyI7rLOwd7dhXmFNyJ+kFsBmDwhUqefAOHVmnSdM2c42Hzv0qh27f6fZ5c3jOVc5XWOuLgoKc6qcpg==",
        "dependencies": {
          "Avalonia": "12.0.999-cibuild0059760-alpha",
          "Avalonia.Native": "12.0.999-cibuild0059760-alpha",
          "Avalonia.Skia": "12.0.999-cibuild0059760-alpha",
          "Avalonia.Win32": "12.0.999-cibuild0059760-alpha",
          "Avalonia.X11": "12.0.999-cibuild0059760-alpha"
        }
      },
      "Avalonia.Diagnostics": {
        "type": "Direct",
        "requested": "[12.0.999-cibuild0059760-alpha, )",
        "resolved": "12.0.999-cibuild0059760-alpha",
        "contentHash": "cU4s854zLRw7y52zvGiCSUG0pf970KPglinZKGKQnGNK85QxTWyjq6FDfkgZlABeYEBFKPPHNYaX9jCOFKDpaQ==",
        "dependencies": {
          "Avalonia": "12.0.999-cibuild0059760-alpha",
          "Avalonia.Controls.ColorPicker": "12.0.999-cibuild0059760-alpha",
          "Avalonia.Themes.Simple": "12.0.999-cibuild0059760-alpha"
        }
      },
      "Avalonia.Themes.Fluent": {
        "type": "Direct",
        "requested": "[12.0.999-cibuild0059760-alpha, )",
        "resolved": "12.0.999-cibuild0059760-alpha",
        "contentHash": "0RSf9tHufC98451xFx32We4LzjV+ZM3JywnVG/ZyqZ2Z2ScuPjT7+4yzkMb8okG9Qvu71BeJZzrZQYUfaXnv6A==",
        "dependencies": {
          "Avalonia": "12.0.999-cibuild0059760-alpha"
        }
      },
      "CommunityToolkit.Mvvm": {
        "type": "Direct",
        "requested": "[8.4.0, )",
        "resolved": "8.4.0",
        "contentHash": "tqVU8yc/ADO9oiTRyTnwhFN68hCwvkliMierptWOudIAvWY1mWCh5VFh+guwHJmpMwfg0J0rY+yyd5Oy7ty9Uw=="
      },
      "Microsoft.DotNet.ILCompiler": {
        "type": "Direct",
        "requested": "[8.0.20, )",
        "resolved": "8.0.20",
        "contentHash": "BnTvC6mpQ4rKzKzRpHb1M2SxsNGn6FiSa7xaJenuwXjmDqCAZWZg5noPnBtCqPTXYu8ng3FSIeVq9OY87bgLzw=="
      },
      "Microsoft.NET.ILLink.Tasks": {
        "type": "Direct",
        "requested": "[8.0.20, )",
        "resolved": "8.0.20",
        "contentHash": "Rhcto2AjGvTO62+/VTmBpumBOmqIGp7nYEbTbmEXkCq4yPGxV8whju3/HsIA/bKyo2+DggaYk5+/8sxb1AbPTw=="
      },
      "PolySharp": {
        "type": "Direct",
        "requested": "[1.15.0, )",
        "resolved": "1.15.0",
        "contentHash": "FbU0El+EEjdpuIX4iDbeS7ki1uzpJPx8vbqOzEtqnl1GZeAGJfq+jCbxeJL2y0EPnUNk8dRnnqR2xnYXg9Tf+g=="
      },
      "VC-LTL": {
        "type": "Direct",
        "requested": "[5.2.2, )",
        "resolved": "5.2.2",
        "contentHash": "cG9zbKir5zYsO+1Yyn65MAD5vDNXYuaUl9zPCL4uA2Bdrm7A0S4K00GKr5mibaYbRwxJ8mKP7H2V/0URP6ymnw==",
        "dependencies": {
          "YY-Thunks": "1.1.7"
        }
      },
      "Avalonia.Angle.Windows.Natives": {
        "type": "Transitive",
        "resolved": "2.1.25547.20250602",
        "contentHash": "ZL0VLc4s9rvNNFt19Pxm5UNAkmKNylugAwJPX9ulXZ6JWs/l6XZihPWWTyezaoNOVyEPU8YbURtW7XMAtqXH5A=="
      },
      "Avalonia.BuildServices": {
        "type": "Transitive",
        "resolved": "11.3.1",
        "contentHash": "k/WwXbqwaCtmE0a90YXB9plT50ok6OgLBIr+DUYK16akJN82iK69kgkL1vGDd8XBvf77JM3O27znBuy7AEoFgg=="
      },
      "Avalonia.Controls.ColorPicker": {
        "type": "Transitive",
        "resolved": "12.0.999-cibuild0059760-alpha",
        "contentHash": "EwnzvcJMdlHdgM0HqlylvgVijptv1vhzPyA1692WLcCp4xlsNPuCwzKiPfEF6nJVsKVRIpgi7xlu/ngV00g43g==",
        "dependencies": {
          "Avalonia": "12.0.999-cibuild0059760-alpha",
          "Avalonia.Remote.Protocol": "12.0.999-cibuild0059760-alpha"
        }
      },
      "Avalonia.FreeDesktop": {
        "type": "Transitive",
        "resolved": "12.0.999-cibuild0059760-alpha",
        "contentHash": "I2WlOOo9vQ1FsryHmmqCVebbOS44W+V0Zg1Zj+XA/zwS4evcbS5gavimyiCuYNjVlZqwres34wzQbK7P6ipyEg==",
        "dependencies": {
          "Avalonia": "12.0.999-cibuild0059760-alpha",
          "Tmds.DBus.Protocol": "0.21.2"
        }
      },
      "Avalonia.Native": {
        "type": "Transitive",
        "resolved": "12.0.999-cibuild0059760-alpha",
        "contentHash": "p9neoXKP1Rp/MnACb5S3yY7EYlC0rgQ34/65cKG/vEWQtuvc6Hsz0es1ZUA9lO01K/TGTAB7S5/FUIpo7oGhgA==",
        "dependencies": {
          "Avalonia": "12.0.999-cibuild0059760-alpha"
        }
      },
      "Avalonia.Remote.Protocol": {
        "type": "Transitive",
        "resolved": "12.0.999-cibuild0059760-alpha",
        "contentHash": "dYBp0kTf444z8y2PZeeT9kDsEevZnkuERhBaF8vgUIerzTInZJMFbBkdNxGoXkdEnQZaPYoksMksQqmYELnitg=="
      },
      "Avalonia.Skia": {
        "type": "Transitive",
        "resolved": "12.0.999-cibuild0059760-alpha",
        "contentHash": "Zjqkq5R6dV5Vpetu4OETF6yMh1NsgPdpsnn2iTnkHfkaJle+AYoXMcqd5LRbjekftRXQ0Uf3v+TNcYbAceROGg==",
        "dependencies": {
          "Avalonia": "12.0.999-cibuild0059760-alpha",
          "HarfBuzzSharp": "8.3.1.1",
          "HarfBuzzSharp.NativeAssets.Linux": "8.3.1.1",
          "HarfBuzzSharp.NativeAssets.WebAssembly": "8.3.1.1",
          "SkiaSharp": "3.119.0",
          "SkiaSharp.NativeAssets.Linux": "3.119.0",
          "SkiaSharp.NativeAssets.WebAssembly": "3.119.0"
        }
      },
      "Avalonia.Themes.Simple": {
        "type": "Transitive",
        "resolved": "12.0.999-cibuild0059760-alpha",
        "contentHash": "bF9M0KkgTtC2VumOdO4ZR7/WQg2fl4dyD2ne/qaY71u2ORi45xOaBzQbclSRUA4fZ81votGK5KiFyf9m8VvDig==",
        "dependencies": {
          "Avalonia": "12.0.999-cibuild0059760-alpha"
        }
      },
      "Avalonia.Win32": {
        "type": "Transitive",
        "resolved": "12.0.999-cibuild0059760-alpha",
        "contentHash": "3Tc9lsLXAsDSS68AM1aFnc0rLMSDujw7Zt9HFXGMacXh96yK9eMTMIAN65TGPcHshFBdIxAmf0xwoVBKm5jeww==",
        "dependencies": {
          "Avalonia": "12.0.999-cibuild0059760-alpha",
          "Avalonia.Angle.Windows.Natives": "2.1.25547.20250602"
        }
      },
      "Avalonia.X11": {
        "type": "Transitive",
        "resolved": "12.0.999-cibuild0059760-alpha",
        "contentHash": "P0Mt4dv7VP9xShEiPwiqg7IyebKQg5q337Ce73Glk7NrKvk1ljqTKdhxZ4ZVMISYKVlNjqZEPNa7/PTB4wer/Q==",
        "dependencies": {
          "Avalonia": "12.0.999-cibuild0059760-alpha",
          "Avalonia.FreeDesktop": "12.0.999-cibuild0059760-alpha",
          "Avalonia.Skia": "12.0.999-cibuild0059760-alpha"
        }
      },
      "FSharp.Core": {
        "type": "Transitive",
        "resolved": "9.0.303",
        "contentHash": "6JlV8aD8qQvcmfoe/PMOxCHXc0uX4lR23u0fAyQtnVQxYULLoTZgwgZHSnRcuUHOvS3wULFWcwdnP1iwslH60g=="
      },
      "HarfBuzzSharp": {
        "type": "Transitive",
        "resolved": "8.3.1.1",
        "contentHash": "tLZN66oe/uiRPTZfrCU4i8ScVGwqHNh5MHrXj0yVf4l7Mz0FhTGnQ71RGySROTmdognAs0JtluHkL41pIabWuQ==",
        "dependencies": {
          "HarfBuzzSharp.NativeAssets.Win32": "8.3.1.1",
          "HarfBuzzSharp.NativeAssets.macOS": "8.3.1.1"
        }
      },
      "HarfBuzzSharp.NativeAssets.Linux": {
        "type": "Transitive",
        "resolved": "8.3.1.1",
        "contentHash": "3EZ1mpIiKWRLL5hUYA82ZHteeDIVaEA/Z0rA/wU6tjx6crcAkJnBPwDXZugBSfo8+J3EznvRJf49uMsqYfKrHg=="
      },
      "HarfBuzzSharp.NativeAssets.macOS": {
        "type": "Transitive",
        "resolved": "8.3.1.1",
        "contentHash": "jbtCsgftcaFLCA13tVKo5iWdElJScrulLTKJre36O4YQTIlwDtPPqhRZNk+Y0vv4D1gxbscasGRucUDfS44ofQ=="
      },
      "HarfBuzzSharp.NativeAssets.WebAssembly": {
        "type": "Transitive",
        "resolved": "8.3.1.1",
        "contentHash": "loJweK2u/mH/3C2zBa0ggJlITIszOkK64HLAZB7FUT670dTg965whLFYHDQo69NmC4+d9UN0icLC9VHidXaVCA=="
      },
      "HarfBuzzSharp.NativeAssets.Win32": {
        "type": "Transitive",
        "resolved": "8.3.1.1",
        "contentHash": "UsJtQsfAJoFDZrXc4hCUfRPMqccfKZ0iumJ/upcUjz/cmsTgVFGNEL5yaJWmkqsuFYdMWbj/En5/kS4PFl9hBA=="
      },
      "MicroCom.Runtime": {
        "type": "Transitive",
        "resolved": "0.11.0",
        "contentHash": "MEnrZ3UIiH40hjzMDsxrTyi8dtqB5ziv3iBeeU4bXsL/7NLSal9F1lZKpK+tfBRnUoDSdtcW3KufE4yhATOMCA=="
      },
      "Microsoft.CodeAnalysis.Analyzers": {
        "type": "Transitive",
        "resolved": "3.11.0",
        "contentHash": "v/EW3UE8/lbEYHoC2Qq7AR/DnmvpgdtAMndfQNmpuIMx/Mto8L5JnuCfdBYtgvalQOtfNCnxFejxuRrryvUTsg=="
      },
      "Microsoft.CodeAnalysis.Common": {
        "type": "Transitive",
        "resolved": "4.14.0",
        "contentHash": "PC3tuwZYnC+idaPuoC/AZpEdwrtX7qFpmnrfQkgobGIWiYmGi5MCRtl5mx6QrfMGQpK78X2lfIEoZDLg/qnuHg==",
        "dependencies": {
          "Microsoft.CodeAnalysis.Analyzers": "3.11.0",
          "System.Collections.Immutable": "9.0.0",
          "System.Reflection.Metadata": "9.0.0"
        }
      },
      "Microsoft.CodeAnalysis.CSharp": {
        "type": "Transitive",
        "resolved": "4.14.0",
        "contentHash": "568a6wcTivauIhbeWcCwfWwIn7UV7MeHEBvFB2uzGIpM2OhJ4eM/FZ8KS0yhPoNxnSpjGzz7x7CIjTxhslojQA==",
        "dependencies": {
          "Microsoft.CodeAnalysis.Analyzers": "3.11.0",
          "Microsoft.CodeAnalysis.Common": "[4.14.0]",
          "System.Collections.Immutable": "9.0.0",
          "System.Reflection.Metadata": "9.0.0"
        }
      },
      "SkiaSharp": {
        "type": "Transitive",
        "resolved": "3.119.0",
        "contentHash": "gR9yVoOta2Mc1Rxt15LD65AckfHMfwjIs/3kkD59C9bT2nYYISsE6uz3t4aMPNHA6CgsIL0Ssn+jE5OVilZ1yw==",
        "dependencies": {
          "SkiaSharp.NativeAssets.Win32": "3.119.0",
          "SkiaSharp.NativeAssets.macOS": "3.119.0"
        }
      },
      "SkiaSharp.NativeAssets.Linux": {
        "type": "Transitive",
        "resolved": "3.119.0",
        "contentHash": "oBvfueHtYGTmVHkVebZ6lMYN5nCXR/eN5e7a9VGHca1Z0bt8G5QGLtsjPA+hJ30ZK2wq3i02Zoej2aZDIpvcHA=="
      },
      "SkiaSharp.NativeAssets.macOS": {
        "type": "Transitive",
        "resolved": "3.119.0",
        "contentHash": "YE1vNn0Nyw2PWtv7hw1PYkKJO0itFiQp9vSqGppZUKzQJqwp28a2jgdCMPfYtOiR8KCnDgZqQoynqJRRaE2ZVg=="
      },
      "SkiaSharp.NativeAssets.WebAssembly": {
        "type": "Transitive",
        "resolved": "3.119.0",
        "contentHash": "nHna8C+bi8GGwx1DTRAyoJ5GOAaK9qzojj9Q7Dhh6FiSfnt/psWzEfe39/RYqdzc15+xcm02UTvp5FwsOPk7Kw=="
      },
      "SkiaSharp.NativeAssets.Win32": {
        "type": "Transitive",
        "resolved": "3.119.0",
        "contentHash": "IwC9yx36lOdXVT2DjgmWHl1qkVspfj8ctd4+li8CNnvqdfaTolXCOh6TLznURcPAvzatx9K/tLOB7zT6T8EA9w=="
      },
      "System.Collections.Immutable": {
        "type": "Transitive",
        "resolved": "9.0.0",
        "contentHash": "QhkXUl2gNrQtvPmtBTQHb0YsUrDiDQ2QS09YbtTTiSjGcf7NBqtYbrG/BE06zcBPCKEwQGzIv13IVdXNOSub2w=="
      },
      "System.IO.Pipelines": {
        "type": "Transitive",
        "resolved": "8.0.0",
        "contentHash": "FHNOatmUq0sqJOkTx+UF/9YK1f180cnW5FVqnQMvYUN0elp6wFzbtPSiqbo1/ru8ICp43JM1i7kKkk6GsNGHlA=="
      },
      "System.Reflection.Metadata": {
        "type": "Transitive",
        "resolved": "9.0.0",
        "contentHash": "ANiqLu3DxW9kol/hMmTWbt3414t9ftdIuiIU7j80okq2YzAueo120M442xk1kDJWtmZTqWQn7wHDvMRipVOEOQ==",
        "dependencies": {
          "System.Collections.Immutable": "9.0.0"
        }
      },
      "Tmds.DBus.Protocol": {
        "type": "Transitive",
        "resolved": "0.21.2",
        "contentHash": "ScSMrUrrw8px4kK1Glh0fZv/HQUlg1078bNXNPfRPKQ3WbRzV9HpsydYEOgSoMK5LWICMf2bMwIFH0pGjxjcMA==",
        "dependencies": {
          "System.IO.Pipelines": "8.0.0"
        }
      },
      "YY-Thunks": {
        "type": "Transitive",
        "resolved": "1.1.7",
        "contentHash": "bDQy838RRo5ReTU1FOarGqkmWcnjOFYF5j2s0sT1V/E/0vcAHGgEYBeHgUwVmgvxZt7Ba6dM8EPVtX6UqXfdSQ=="
      },
      "messengergenerator": {
        "type": "Project",
        "dependencies": {
          "Microsoft.CodeAnalysis.CSharp": "[4.14.0, )"
        }
      },
      "models": {
        "type": "Project",
        "dependencies": {
          "FSharp.Core": "[9.0.303, )"
        }
      }
    },
    "net8.0-windows7.0/win-x64": {
      "2ndLAB.ANGLE.Static": {
        "type": "Direct",
        "requested": "[7151.0.0-10.0.26100.0-1.79e529b, )",
        "resolved": "7151.0.0-10.0.26100.0-1.79e529b",
        "contentHash": "cPdqpUTDLk6HugiXi8NHvtjkNqO5yOa530xcZMmVNnEHqLWnfxZvsGyD3Z0FQBqtl6lJ5tD6foLBpU2wIzwreg=="
      },
      "2ndLAB.SkiaSharp.Static": {
        "type": "Direct",
        "requested": "[3.119.0-10.0.26100.0-1.1c7d845, )",
        "resolved": "3.119.0-10.0.26100.0-1.1c7d845",
        "contentHash": "Pjl5X7qWQf3AHOCWVJkEzqd6T2yXYJF2f0rMOyPGhgiP+dWx3WNzQ/TCbUhbB+w+GidkvVZ6PUOMnlZYODp7lw=="
      },
      "Microsoft.DotNet.ILCompiler": {
        "type": "Direct",
        "requested": "[8.0.20, )",
        "resolved": "8.0.20",
        "contentHash": "BnTvC6mpQ4rKzKzRpHb1M2SxsNGn6FiSa7xaJenuwXjmDqCAZWZg5noPnBtCqPTXYu8ng3FSIeVq9OY87bgLzw==",
        "dependencies": {
          "runtime.win-x64.Microsoft.DotNet.ILCompiler": "8.0.20"
        }
      },
      "Avalonia.Angle.Windows.Natives": {
        "type": "Transitive",
        "resolved": "2.1.25547.20250602",
        "contentHash": "ZL0VLc4s9rvNNFt19Pxm5UNAkmKNylugAwJPX9ulXZ6JWs/l6XZihPWWTyezaoNOVyEPU8YbURtW7XMAtqXH5A=="
      },
      "Avalonia.Native": {
        "type": "Transitive",
        "resolved": "12.0.999-cibuild0059760-alpha",
        "contentHash": "p9neoXKP1Rp/MnACb5S3yY7EYlC0rgQ34/65cKG/vEWQtuvc6Hsz0es1ZUA9lO01K/TGTAB7S5/FUIpo7oGhgA==",
        "dependencies": {
          "Avalonia": "12.0.999-cibuild0059760-alpha"
        }
      },
      "HarfBuzzSharp.NativeAssets.Linux": {
        "type": "Transitive",
        "resolved": "8.3.1.1",
        "contentHash": "3EZ1mpIiKWRLL5hUYA82ZHteeDIVaEA/Z0rA/wU6tjx6crcAkJnBPwDXZugBSfo8+J3EznvRJf49uMsqYfKrHg=="
      },
      "HarfBuzzSharp.NativeAssets.macOS": {
        "type": "Transitive",
        "resolved": "8.3.1.1",
        "contentHash": "jbtCsgftcaFLCA13tVKo5iWdElJScrulLTKJre36O4YQTIlwDtPPqhRZNk+Y0vv4D1gxbscasGRucUDfS44ofQ=="
      },
      "HarfBuzzSharp.NativeAssets.Win32": {
        "type": "Transitive",
        "resolved": "8.3.1.1",
        "contentHash": "UsJtQsfAJoFDZrXc4hCUfRPMqccfKZ0iumJ/upcUjz/cmsTgVFGNEL5yaJWmkqsuFYdMWbj/En5/kS4PFl9hBA=="
      },
      "runtime.win-x64.Microsoft.DotNet.ILCompiler": {
        "type": "Transitive",
        "resolved": "8.0.20",
        "contentHash": "46kekfSrZ6q6e814SVIPLrnbMXRN/nqisHFoJVgCGczKO2U+9p/tgp78/huHyZh2tVGGnFXCePFKeZ254iUfCA=="
      },
      "SkiaSharp.NativeAssets.Linux": {
        "type": "Transitive",
        "resolved": "3.119.0",
        "contentHash": "oBvfueHtYGTmVHkVebZ6lMYN5nCXR/eN5e7a9VGHca1Z0bt8G5QGLtsjPA+hJ30ZK2wq3i02Zoej2aZDIpvcHA=="
      },
      "SkiaSharp.NativeAssets.macOS": {
        "type": "Transitive",
        "resolved": "3.119.0",
        "contentHash": "YE1vNn0Nyw2PWtv7hw1PYkKJO0itFiQp9vSqGppZUKzQJqwp28a2jgdCMPfYtOiR8KCnDgZqQoynqJRRaE2ZVg=="
      },
      "SkiaSharp.NativeAssets.Win32": {
        "type": "Transitive",
        "resolved": "3.119.0",
        "contentHash": "IwC9yx36lOdXVT2DjgmWHl1qkVspfj8ctd4+li8CNnvqdfaTolXCOh6TLznURcPAvzatx9K/tLOB7zT6T8EA9w=="
      }
    }
  }
}